
Microsoft Visual Studio Solution File, Format Version 12.00
# Visual Studio Version 16
VisualStudioVersion = 16.0.29001.49
MinimumVisualStudioVersion = 10.0.40219.1
Project("{9A19103F-16F7-4668-BE54-9A1E7A4F7556}") = "FIFAModdingUI", "FIFAModdingUI\FIFAModdingUI.csproj", "{6D0F7EF2-1514-4D67-A34E-2EF5E576B9AE}"
EndProject
Project("{9A19103F-16F7-4668-BE54-9A1E7A4F7556}") = "v2k4FIFAModdingCL", "v2k4FIFAModdingCL\v2k4FIFAModdingCL.csproj", "{808B462B-078A-4D7D-8DA1-92FCED89F32A}"
EndProject
Project("{9A19103F-16F7-4668-BE54-9A1E7A4F7556}") = "FIFAModdingTests", "FIFAModdingTests\FIFAModdingTests.csproj", "{C9187925-33DD-4D62-B055-6C4F87DD95EA}"
EndProject
Project("{FAE04EC0-301F-11D3-BF4B-00C04F79EFBC}") = "WindowsFormsApp1", "WindowsFormsApp1\WindowsFormsApp1.csproj", "{F6CB7609-6E93-4012-A48A-150D7BDB5FDE}"
EndProject
Project("{8BC9CEB8-8B4A-11D0-8D11-00A0C91BC942}") = "FIFACareerDLL", "FIFACareerDLL\FIFACareerDLL.vcxproj", "{25FD04F3-5675-44B2-8F8D-726C7CA45955}"
EndProject
Project("{FAE04EC0-301F-11D3-BF4B-00C04F79EFBC}") = "FIFACareerHook", "FIFACareerHook\FIFACareerHook.csproj", "{A9E69B57-D92D-478A-AFDC-996D1F9D44E0}"
EndProject
Global
	GlobalSection(SolutionConfigurationPlatforms) = preSolution
		Debug|Any CPU = Debug|Any CPU
		Debug|x64 = Debug|x64
		Debug|x86 = Debug|x86
		Release|Any CPU = Release|Any CPU
		Release|x64 = Release|x64
		Release|x86 = Release|x86
	EndGlobalSection
	GlobalSection(ProjectConfigurationPlatforms) = postSolution
		{6D0F7EF2-1514-4D67-A34E-2EF5E576B9AE}.Debug|Any CPU.ActiveCfg = Debug|Any CPU
		{6D0F7EF2-1514-4D67-A34E-2EF5E576B9AE}.Debug|Any CPU.Build.0 = Debug|Any CPU
		{6D0F7EF2-1514-4D67-A34E-2EF5E576B9AE}.Debug|x64.ActiveCfg = Debug|Any CPU
		{6D0F7EF2-1514-4D67-A34E-2EF5E576B9AE}.Debug|x64.Build.0 = Debug|Any CPU
		{6D0F7EF2-1514-4D67-A34E-2EF5E576B9AE}.Debug|x86.ActiveCfg = Debug|Any CPU
		{6D0F7EF2-1514-4D67-A34E-2EF5E576B9AE}.Debug|x86.Build.0 = Debug|Any CPU
		{6D0F7EF2-1514-4D67-A34E-2EF5E576B9AE}.Release|Any CPU.ActiveCfg = Release|Any CPU
		{6D0F7EF2-1514-4D67-A34E-2EF5E576B9AE}.Release|Any CPU.Build.0 = Release|Any CPU
		{6D0F7EF2-1514-4D67-A34E-2EF5E576B9AE}.Release|x64.ActiveCfg = Release|Any CPU
		{6D0F7EF2-1514-4D67-A34E-2EF5E576B9AE}.Release|x64.Build.0 = Release|Any CPU
		{6D0F7EF2-1514-4D67-A34E-2EF5E576B9AE}.Release|x86.ActiveCfg = Release|Any CPU
		{6D0F7EF2-1514-4D67-A34E-2EF5E576B9AE}.Release|x86.Build.0 = Release|Any CPU
		{808B462B-078A-4D7D-8DA1-92FCED89F32A}.Debug|Any CPU.ActiveCfg = Debug|Any CPU
		{808B462B-078A-4D7D-8DA1-92FCED89F32A}.Debug|Any CPU.Build.0 = Debug|Any CPU
		{808B462B-078A-4D7D-8DA1-92FCED89F32A}.Debug|x64.ActiveCfg = Debug|Any CPU
		{808B462B-078A-4D7D-8DA1-92FCED89F32A}.Debug|x64.Build.0 = Debug|Any CPU
		{808B462B-078A-4D7D-8DA1-92FCED89F32A}.Debug|x86.ActiveCfg = Debug|Any CPU
		{808B462B-078A-4D7D-8DA1-92FCED89F32A}.Debug|x86.Build.0 = Debug|Any CPU
		{808B462B-078A-4D7D-8DA1-92FCED89F32A}.Release|Any CPU.ActiveCfg = Release|Any CPU
		{808B462B-078A-4D7D-8DA1-92FCED89F32A}.Release|Any CPU.Build.0 = Release|Any CPU
		{808B462B-078A-4D7D-8DA1-92FCED89F32A}.Release|x64.ActiveCfg = Release|Any CPU
		{808B462B-078A-4D7D-8DA1-92FCED89F32A}.Release|x64.Build.0 = Release|Any CPU
		{808B462B-078A-4D7D-8DA1-92FCED89F32A}.Release|x86.ActiveCfg = Release|Any CPU
		{808B462B-078A-4D7D-8DA1-92FCED89F32A}.Release|x86.Build.0 = Release|Any CPU
		{C9187925-33DD-4D62-B055-6C4F87DD95EA}.Debug|Any CPU.ActiveCfg = Debug|Any CPU
		{C9187925-33DD-4D62-B055-6C4F87DD95EA}.Debug|Any CPU.Build.0 = Debug|Any CPU
		{C9187925-33DD-4D62-B055-6C4F87DD95EA}.Debug|x64.ActiveCfg = Debug|Any CPU
		{C9187925-33DD-4D62-B055-6C4F87DD95EA}.Debug|x64.Build.0 = Debug|Any CPU
		{C9187925-33DD-4D62-B055-6C4F87DD95EA}.Debug|x86.ActiveCfg = Debug|Any CPU
		{C9187925-33DD-4D62-B055-6C4F87DD95EA}.Debug|x86.Build.0 = Debug|Any CPU
		{C9187925-33DD-4D62-B055-6C4F87DD95EA}.Release|Any CPU.ActiveCfg = Release|Any CPU
		{C9187925-33DD-4D62-B055-6C4F87DD95EA}.Release|Any CPU.Build.0 = Release|Any CPU
		{C9187925-33DD-4D62-B055-6C4F87DD95EA}.Release|x64.ActiveCfg = Release|Any CPU
		{C9187925-33DD-4D62-B055-6C4F87DD95EA}.Release|x64.Build.0 = Release|Any CPU
		{C9187925-33DD-4D62-B055-6C4F87DD95EA}.Release|x86.ActiveCfg = Release|Any CPU
		{C9187925-33DD-4D62-B055-6C4F87DD95EA}.Release|x86.Build.0 = Release|Any CPU
		{F6CB7609-6E93-4012-A48A-150D7BDB5FDE}.Debug|Any CPU.ActiveCfg = Debug|Any CPU
		{F6CB7609-6E93-4012-A48A-150D7BDB5FDE}.Debug|Any CPU.Build.0 = Debug|Any CPU
		{F6CB7609-6E93-4012-A48A-150D7BDB5FDE}.Debug|x64.ActiveCfg = Debug|Any CPU
		{F6CB7609-6E93-4012-A48A-150D7BDB5FDE}.Debug|x64.Build.0 = Debug|Any CPU
		{F6CB7609-6E93-4012-A48A-150D7BDB5FDE}.Debug|x86.ActiveCfg = Debug|Any CPU
		{F6CB7609-6E93-4012-A48A-150D7BDB5FDE}.Debug|x86.Build.0 = Debug|Any CPU
		{F6CB7609-6E93-4012-A48A-150D7BDB5FDE}.Release|Any CPU.ActiveCfg = Release|Any CPU
		{F6CB7609-6E93-4012-A48A-150D7BDB5FDE}.Release|Any CPU.Build.0 = Release|Any CPU
		{F6CB7609-6E93-4012-A48A-150D7BDB5FDE}.Release|x64.ActiveCfg = Release|Any CPU
		{F6CB7609-6E93-4012-A48A-150D7BDB5FDE}.Release|x64.Build.0 = Release|Any CPU
		{F6CB7609-6E93-4012-A48A-150D7BDB5FDE}.Release|x86.ActiveCfg = Release|Any CPU
		{F6CB7609-6E93-4012-A48A-150D7BDB5FDE}.Release|x86.Build.0 = Release|Any CPU
		{25FD04F3-5675-44B2-8F8D-726C7CA45955}.Debug|Any CPU.ActiveCfg = Debug|x64
		{25FD04F3-5675-44B2-8F8D-726C7CA45955}.Debug|x64.ActiveCfg = Debug|x64
		{25FD04F3-5675-44B2-8F8D-726C7CA45955}.Debug|x64.Build.0 = Debug|x64
		{25FD04F3-5675-44B2-8F8D-726C7CA45955}.Debug|x86.ActiveCfg = Debug|Win32
		{25FD04F3-5675-44B2-8F8D-726C7CA45955}.Debug|x86.Build.0 = Debug|Win32
		{25FD04F3-5675-44B2-8F8D-726C7CA45955}.Release|Any CPU.ActiveCfg = Release|Win32
		{25FD04F3-5675-44B2-8F8D-726C7CA45955}.Release|x64.ActiveCfg = Release|x64
		{25FD04F3-5675-44B2-8F8D-726C7CA45955}.Release|x64.Build.0 = Release|x64
		{25FD04F3-5675-44B2-8F8D-726C7CA45955}.Release|x86.ActiveCfg = Release|Win32
		{25FD04F3-5675-44B2-8F8D-726C7CA45955}.Release|x86.Build.0 = Release|Win32
		{A9E69B57-D92D-478A-AFDC-996D1F9D44E0}.Debug|Any CPU.ActiveCfg = Debug|Any CPU
		{A9E69B57-D92D-478A-AFDC-996D1F9D44E0}.Debug|Any CPU.Build.0 = Debug|Any CPU
		{A9E69B57-D92D-478A-AFDC-996D1F9D44E0}.Debug|x64.ActiveCfg = Debug|Any CPU
		{A9E69B57-D92D-478A-AFDC-996D1F9D44E0}.Debug|x64.Build.0 = Debug|Any CPU
		{A9E69B57-D92D-478A-AFDC-996D1F9D44E0}.Debug|x86.ActiveCfg = Debug|Any CPU
		{A9E69B57-D92D-478A-AFDC-996D1F9D44E0}.Debug|x86.Build.0 = Debug|Any CPU
		{A9E69B57-D92D-478A-AFDC-996D1F9D44E0}.Release|Any CPU.ActiveCfg = Release|Any CPU
		{A9E69B57-D92D-478A-AFDC-996D1F9D44E0}.Release|Any CPU.Build.0 = Release|Any CPU
		{A9E69B57-D92D-478A-AFDC-996D1F9D44E0}.Release|x64.ActiveCfg = Release|Any CPU
		{A9E69B57-D92D-478A-AFDC-996D1F9D44E0}.Release|x64.Build.0 = Release|Any CPU
		{A9E69B57-D92D-478A-AFDC-996D1F9D44E0}.Release|x86.ActiveCfg = Release|Any CPU
		{A9E69B57-D92D-478A-AFDC-996D1F9D44E0}.Release|x86.Build.0 = Release|Any CPU
	EndGlobalSection
	GlobalSection(SolutionProperties) = preSolution
		HideSolutionNode = FALSE
	EndGlobalSection
	GlobalSection(ExtensibilityGlobals) = postSolution
		SolutionGuid = {B6B3C45F-539D-4802-8306-6B6542D3CA66}
	EndGlobalSection
EndGlobal
