
Microsoft Visual Studio Solution File, Format Version 12.00
# Visual Studio Version 16
VisualStudioVersion = 16.0.29409.12
MinimumVisualStudioVersion = 10.0.40219.1
Project("{9A19103F-16F7-4668-BE54-9A1E7A4F7556}") = "FIFAModdingUI", "FIFAModdingUI\FIFAModdingUI.csproj", "{6D0F7EF2-1514-4D67-A34E-2EF5E576B9AE}"
	ProjectSection(ProjectDependencies) = postProject
		{3D489D9A-0DEF-4E80-8EC8-15E265C29A36} = {3D489D9A-0DEF-4E80-8EC8-15E265C29A36}
	EndProjectSection
EndProject
Project("{9A19103F-16F7-4668-BE54-9A1E7A4F7556}") = "v2k4FIFAModding", "v2k4FIFAModdingCL\v2k4FIFAModding.csproj", "{808B462B-078A-4D7D-8DA1-92FCED89F32A}"
EndProject
Project("{9A19103F-16F7-4668-BE54-9A1E7A4F7556}") = "FIFAModdingTests", "FIFAModdingTests\FIFAModdingTests.csproj", "{C9187925-33DD-4D62-B055-6C4F87DD95EA}"
EndProject
Project("{FAE04EC0-301F-11D3-BF4B-00C04F79EFBC}") = "FIFALibraryNETFrameworkTests", "FIFALibraryNETFrameworkTests\FIFALibraryNETFrameworkTests.csproj", "{E7891FBD-A2B3-407D-B719-71F597D5F61E}"
	ProjectSection(ProjectDependencies) = postProject
		{6E3F42FA-21B5-411A-9FBA-09863702220A} = {6E3F42FA-21B5-411A-9FBA-09863702220A}
	EndProjectSection
EndProject
Project("{9A19103F-16F7-4668-BE54-9A1E7A4F7556}") = "paulv2k4FrostyModdingSupport", "v2k4FrostyModdingSupport\paulv2k4FrostyModdingSupport.csproj", "{8D172F0E-658A-4507-870F-C5B7AE1BCA6E}"
EndProject
Project("{9A19103F-16F7-4668-BE54-9A1E7A4F7556}") = "v2k4FIFASDKGenerator", "v2k4FIFASDKGenerator\v2k4FIFASDKGenerator.csproj", "{1DBC8811-E837-4701-8FAE-6A8B03F5C876}"
EndProject
Project("{FAE04EC0-301F-11D3-BF4B-00C04F79EFBC}") = "FrostySdk", "FrostySdk\FrostySdk.csproj", "{3D489D9A-0DEF-4E80-8EC8-15E265C29A36}"
EndProject
Project("{FAE04EC0-301F-11D3-BF4B-00C04F79EFBC}") = "TestBuildTempCS", "TestBuildTempCS\TestBuildTempCS.csproj", "{5978F154-0A51-4362-97FF-2CE4FCC631AC}"
EndProject
Project("{9A19103F-16F7-4668-BE54-9A1E7A4F7556}") = "FrostbiteSdkCore", "FrostbiteSdk\FrostbiteSdkCore.csproj", "{1EFA8BAC-6928-4949-BA4A-EC114813045E}"
EndProject
Project("{8BC9CEB8-8B4A-11D0-8D11-00A0C91BC942}") = "v2k4LegacyFileModSupport", "v2k4InteropHelper\v2k4InteropHelper.vcxproj", "{E3254FD1-BF5D-4FBF-8E44-BBC50C40EB5D}"
EndProject
Project("{8BC9CEB8-8B4A-11D0-8D11-00A0C91BC942}") = "v2k4Encryption", "v2k4Encryption\v2k4Encryption.vcxproj", "{6E3F42FA-21B5-411A-9FBA-09863702220A}"
EndProject
Global
	GlobalSection(SolutionConfigurationPlatforms) = preSolution
		Debug|Any CPU = Debug|Any CPU
		Debug|x64 = Debug|x64
		Debug|x86 = Debug|x86
		Release|Any CPU = Release|Any CPU
		Release|x64 = Release|x64
		Release|x86 = Release|x86
	EndGlobalSection
	GlobalSection(ProjectConfigurationPlatforms) = postSolution
		{6D0F7EF2-1514-4D67-A34E-2EF5E576B9AE}.Debug|Any CPU.ActiveCfg = Debug|Any CPU
		{6D0F7EF2-1514-4D67-A34E-2EF5E576B9AE}.Debug|Any CPU.Build.0 = Debug|Any CPU
		{6D0F7EF2-1514-4D67-A34E-2EF5E576B9AE}.Debug|x64.ActiveCfg = Debug|Any CPU
		{6D0F7EF2-1514-4D67-A34E-2EF5E576B9AE}.Debug|x64.Build.0 = Debug|Any CPU
		{6D0F7EF2-1514-4D67-A34E-2EF5E576B9AE}.Debug|x86.ActiveCfg = Debug|Any CPU
		{6D0F7EF2-1514-4D67-A34E-2EF5E576B9AE}.Debug|x86.Build.0 = Debug|Any CPU
		{6D0F7EF2-1514-4D67-A34E-2EF5E576B9AE}.Release|Any CPU.ActiveCfg = Release|Any CPU
		{6D0F7EF2-1514-4D67-A34E-2EF5E576B9AE}.Release|Any CPU.Build.0 = Release|Any CPU
		{6D0F7EF2-1514-4D67-A34E-2EF5E576B9AE}.Release|x64.ActiveCfg = Release|Any CPU
		{6D0F7EF2-1514-4D67-A34E-2EF5E576B9AE}.Release|x64.Build.0 = Release|Any CPU
		{6D0F7EF2-1514-4D67-A34E-2EF5E576B9AE}.Release|x86.ActiveCfg = Release|Any CPU
		{6D0F7EF2-1514-4D67-A34E-2EF5E576B9AE}.Release|x86.Build.0 = Release|Any CPU
		{808B462B-078A-4D7D-8DA1-92FCED89F32A}.Debug|Any CPU.ActiveCfg = Debug|Any CPU
		{808B462B-078A-4D7D-8DA1-92FCED89F32A}.Debug|Any CPU.Build.0 = Debug|Any CPU
		{808B462B-078A-4D7D-8DA1-92FCED89F32A}.Debug|x64.ActiveCfg = Debug|Any CPU
		{808B462B-078A-4D7D-8DA1-92FCED89F32A}.Debug|x64.Build.0 = Debug|Any CPU
		{808B462B-078A-4D7D-8DA1-92FCED89F32A}.Debug|x86.ActiveCfg = Debug|Any CPU
		{808B462B-078A-4D7D-8DA1-92FCED89F32A}.Debug|x86.Build.0 = Debug|Any CPU
		{808B462B-078A-4D7D-8DA1-92FCED89F32A}.Release|Any CPU.ActiveCfg = Release|Any CPU
		{808B462B-078A-4D7D-8DA1-92FCED89F32A}.Release|Any CPU.Build.0 = Release|Any CPU
		{808B462B-078A-4D7D-8DA1-92FCED89F32A}.Release|x64.ActiveCfg = Release|Any CPU
		{808B462B-078A-4D7D-8DA1-92FCED89F32A}.Release|x64.Build.0 = Release|Any CPU
		{808B462B-078A-4D7D-8DA1-92FCED89F32A}.Release|x86.ActiveCfg = Release|Any CPU
		{808B462B-078A-4D7D-8DA1-92FCED89F32A}.Release|x86.Build.0 = Release|Any CPU
		{C9187925-33DD-4D62-B055-6C4F87DD95EA}.Debug|Any CPU.ActiveCfg = Debug|Any CPU
		{C9187925-33DD-4D62-B055-6C4F87DD95EA}.Debug|Any CPU.Build.0 = Debug|Any CPU
		{C9187925-33DD-4D62-B055-6C4F87DD95EA}.Debug|x64.ActiveCfg = Debug|Any CPU
		{C9187925-33DD-4D62-B055-6C4F87DD95EA}.Debug|x64.Build.0 = Debug|Any CPU
		{C9187925-33DD-4D62-B055-6C4F87DD95EA}.Debug|x86.ActiveCfg = Debug|Any CPU
		{C9187925-33DD-4D62-B055-6C4F87DD95EA}.Debug|x86.Build.0 = Debug|Any CPU
		{C9187925-33DD-4D62-B055-6C4F87DD95EA}.Release|Any CPU.ActiveCfg = Release|Any CPU
		{C9187925-33DD-4D62-B055-6C4F87DD95EA}.Release|Any CPU.Build.0 = Release|Any CPU
		{C9187925-33DD-4D62-B055-6C4F87DD95EA}.Release|x64.ActiveCfg = Release|Any CPU
		{C9187925-33DD-4D62-B055-6C4F87DD95EA}.Release|x64.Build.0 = Release|Any CPU
		{C9187925-33DD-4D62-B055-6C4F87DD95EA}.Release|x86.ActiveCfg = Release|Any CPU
		{C9187925-33DD-4D62-B055-6C4F87DD95EA}.Release|x86.Build.0 = Release|Any CPU
		{E7891FBD-A2B3-407D-B719-71F597D5F61E}.Debug|Any CPU.ActiveCfg = Debug|Any CPU
		{E7891FBD-A2B3-407D-B719-71F597D5F61E}.Debug|Any CPU.Build.0 = Debug|Any CPU
		{E7891FBD-A2B3-407D-B719-71F597D5F61E}.Debug|x64.ActiveCfg = Debug|Any CPU
		{E7891FBD-A2B3-407D-B719-71F597D5F61E}.Debug|x64.Build.0 = Debug|Any CPU
		{E7891FBD-A2B3-407D-B719-71F597D5F61E}.Debug|x86.ActiveCfg = Debug|Any CPU
		{E7891FBD-A2B3-407D-B719-71F597D5F61E}.Debug|x86.Build.0 = Debug|Any CPU
		{E7891FBD-A2B3-407D-B719-71F597D5F61E}.Release|Any CPU.ActiveCfg = Release|Any CPU
		{E7891FBD-A2B3-407D-B719-71F597D5F61E}.Release|Any CPU.Build.0 = Release|Any CPU
		{E7891FBD-A2B3-407D-B719-71F597D5F61E}.Release|x64.ActiveCfg = Release|Any CPU
		{E7891FBD-A2B3-407D-B719-71F597D5F61E}.Release|x64.Build.0 = Release|Any CPU
		{E7891FBD-A2B3-407D-B719-71F597D5F61E}.Release|x86.ActiveCfg = Release|Any CPU
		{E7891FBD-A2B3-407D-B719-71F597D5F61E}.Release|x86.Build.0 = Release|Any CPU
		{8D172F0E-658A-4507-870F-C5B7AE1BCA6E}.Debug|Any CPU.ActiveCfg = Debug|Any CPU
		{8D172F0E-658A-4507-870F-C5B7AE1BCA6E}.Debug|Any CPU.Build.0 = Debug|Any CPU
		{8D172F0E-658A-4507-870F-C5B7AE1BCA6E}.Debug|x64.ActiveCfg = Debug|Any CPU
		{8D172F0E-658A-4507-870F-C5B7AE1BCA6E}.Debug|x64.Build.0 = Debug|Any CPU
		{8D172F0E-658A-4507-870F-C5B7AE1BCA6E}.Debug|x86.ActiveCfg = Debug|Any CPU
		{8D172F0E-658A-4507-870F-C5B7AE1BCA6E}.Debug|x86.Build.0 = Debug|Any CPU
		{8D172F0E-658A-4507-870F-C5B7AE1BCA6E}.Release|Any CPU.ActiveCfg = Release|Any CPU
		{8D172F0E-658A-4507-870F-C5B7AE1BCA6E}.Release|Any CPU.Build.0 = Release|Any CPU
		{8D172F0E-658A-4507-870F-C5B7AE1BCA6E}.Release|x64.ActiveCfg = Release|Any CPU
		{8D172F0E-658A-4507-870F-C5B7AE1BCA6E}.Release|x64.Build.0 = Release|Any CPU
		{8D172F0E-658A-4507-870F-C5B7AE1BCA6E}.Release|x86.ActiveCfg = Release|Any CPU
		{8D172F0E-658A-4507-870F-C5B7AE1BCA6E}.Release|x86.Build.0 = Release|Any CPU
		{1DBC8811-E837-4701-8FAE-6A8B03F5C876}.Debug|Any CPU.ActiveCfg = Debug|Any CPU
		{1DBC8811-E837-4701-8FAE-6A8B03F5C876}.Debug|Any CPU.Build.0 = Debug|Any CPU
		{1DBC8811-E837-4701-8FAE-6A8B03F5C876}.Debug|x64.ActiveCfg = Debug|Any CPU
		{1DBC8811-E837-4701-8FAE-6A8B03F5C876}.Debug|x64.Build.0 = Debug|Any CPU
		{1DBC8811-E837-4701-8FAE-6A8B03F5C876}.Debug|x86.ActiveCfg = Debug|Any CPU
		{1DBC8811-E837-4701-8FAE-6A8B03F5C876}.Debug|x86.Build.0 = Debug|Any CPU
		{1DBC8811-E837-4701-8FAE-6A8B03F5C876}.Release|Any CPU.ActiveCfg = Release|Any CPU
		{1DBC8811-E837-4701-8FAE-6A8B03F5C876}.Release|Any CPU.Build.0 = Release|Any CPU
		{1DBC8811-E837-4701-8FAE-6A8B03F5C876}.Release|x64.ActiveCfg = Release|Any CPU
		{1DBC8811-E837-4701-8FAE-6A8B03F5C876}.Release|x64.Build.0 = Release|Any CPU
		{1DBC8811-E837-4701-8FAE-6A8B03F5C876}.Release|x86.ActiveCfg = Release|Any CPU
		{1DBC8811-E837-4701-8FAE-6A8B03F5C876}.Release|x86.Build.0 = Release|Any CPU
		{3D489D9A-0DEF-4E80-8EC8-15E265C29A36}.Debug|Any CPU.ActiveCfg = Debug|x64
		{3D489D9A-0DEF-4E80-8EC8-15E265C29A36}.Debug|x64.ActiveCfg = Debug|x64
		{3D489D9A-0DEF-4E80-8EC8-15E265C29A36}.Debug|x64.Build.0 = Debug|x64
		{3D489D9A-0DEF-4E80-8EC8-15E265C29A36}.Debug|x86.ActiveCfg = Debug|x64
		{3D489D9A-0DEF-4E80-8EC8-15E265C29A36}.Release|Any CPU.ActiveCfg = Release|x64
		{3D489D9A-0DEF-4E80-8EC8-15E265C29A36}.Release|x64.ActiveCfg = Release|x64
		{3D489D9A-0DEF-4E80-8EC8-15E265C29A36}.Release|x64.Build.0 = Release|x64
		{3D489D9A-0DEF-4E80-8EC8-15E265C29A36}.Release|x86.ActiveCfg = Release|x64
		{5978F154-0A51-4362-97FF-2CE4FCC631AC}.Debug|Any CPU.ActiveCfg = Debug|Any CPU
		{5978F154-0A51-4362-97FF-2CE4FCC631AC}.Debug|Any CPU.Build.0 = Debug|Any CPU
		{5978F154-0A51-4362-97FF-2CE4FCC631AC}.Debug|x64.ActiveCfg = Debug|Any CPU
		{5978F154-0A51-4362-97FF-2CE4FCC631AC}.Debug|x64.Build.0 = Debug|Any CPU
		{5978F154-0A51-4362-97FF-2CE4FCC631AC}.Debug|x86.ActiveCfg = Debug|Any CPU
		{5978F154-0A51-4362-97FF-2CE4FCC631AC}.Debug|x86.Build.0 = Debug|Any CPU
		{5978F154-0A51-4362-97FF-2CE4FCC631AC}.Release|Any CPU.ActiveCfg = Release|Any CPU
		{5978F154-0A51-4362-97FF-2CE4FCC631AC}.Release|Any CPU.Build.0 = Release|Any CPU
		{5978F154-0A51-4362-97FF-2CE4FCC631AC}.Release|x64.ActiveCfg = Release|Any CPU
		{5978F154-0A51-4362-97FF-2CE4FCC631AC}.Release|x64.Build.0 = Release|Any CPU
		{5978F154-0A51-4362-97FF-2CE4FCC631AC}.Release|x86.ActiveCfg = Release|Any CPU
		{5978F154-0A51-4362-97FF-2CE4FCC631AC}.Release|x86.Build.0 = Release|Any CPU
		{1EFA8BAC-6928-4949-BA4A-EC114813045E}.Debug|Any CPU.ActiveCfg = Debug|Any CPU
		{1EFA8BAC-6928-4949-BA4A-EC114813045E}.Debug|Any CPU.Build.0 = Debug|Any CPU
		{1EFA8BAC-6928-4949-BA4A-EC114813045E}.Debug|x64.ActiveCfg = Debug|Any CPU
		{1EFA8BAC-6928-4949-BA4A-EC114813045E}.Debug|x64.Build.0 = Debug|Any CPU
		{1EFA8BAC-6928-4949-BA4A-EC114813045E}.Debug|x86.ActiveCfg = Debug|Any CPU
		{1EFA8BAC-6928-4949-BA4A-EC114813045E}.Debug|x86.Build.0 = Debug|Any CPU
		{1EFA8BAC-6928-4949-BA4A-EC114813045E}.Release|Any CPU.ActiveCfg = Release|Any CPU
		{1EFA8BAC-6928-4949-BA4A-EC114813045E}.Release|Any CPU.Build.0 = Release|Any CPU
		{1EFA8BAC-6928-4949-BA4A-EC114813045E}.Release|x64.ActiveCfg = Release|Any CPU
		{1EFA8BAC-6928-4949-BA4A-EC114813045E}.Release|x64.Build.0 = Release|Any CPU
		{1EFA8BAC-6928-4949-BA4A-EC114813045E}.Release|x86.ActiveCfg = Release|Any CPU
		{1EFA8BAC-6928-4949-BA4A-EC114813045E}.Release|x86.Build.0 = Release|Any CPU
		{E3254FD1-BF5D-4FBF-8E44-BBC50C40EB5D}.Debug|Any CPU.ActiveCfg = Debug|Win32
		{E3254FD1-BF5D-4FBF-8E44-BBC50C40EB5D}.Debug|x64.ActiveCfg = Debug|x64
		{E3254FD1-BF5D-4FBF-8E44-BBC50C40EB5D}.Debug|x64.Build.0 = Debug|x64
		{E3254FD1-BF5D-4FBF-8E44-BBC50C40EB5D}.Debug|x86.ActiveCfg = Debug|Win32
		{E3254FD1-BF5D-4FBF-8E44-BBC50C40EB5D}.Debug|x86.Build.0 = Debug|Win32
		{E3254FD1-BF5D-4FBF-8E44-BBC50C40EB5D}.Release|Any CPU.ActiveCfg = Release|Win32
		{E3254FD1-BF5D-4FBF-8E44-BBC50C40EB5D}.Release|x64.ActiveCfg = Release|x64
		{E3254FD1-BF5D-4FBF-8E44-BBC50C40EB5D}.Release|x64.Build.0 = Release|x64
		{E3254FD1-BF5D-4FBF-8E44-BBC50C40EB5D}.Release|x86.ActiveCfg = Release|Win32
		{E3254FD1-BF5D-4FBF-8E44-BBC50C40EB5D}.Release|x86.Build.0 = Release|Win32
		{6E3F42FA-21B5-411A-9FBA-09863702220A}.Debug|Any CPU.ActiveCfg = Debug|Win32
		{6E3F42FA-21B5-411A-9FBA-09863702220A}.Debug|x64.ActiveCfg = Debug|x64
		{6E3F42FA-21B5-411A-9FBA-09863702220A}.Debug|x64.Build.0 = Debug|x64
		{6E3F42FA-21B5-411A-9FBA-09863702220A}.Debug|x86.ActiveCfg = Debug|Win32
		{6E3F42FA-21B5-411A-9FBA-09863702220A}.Debug|x86.Build.0 = Debug|Win32
		{6E3F42FA-21B5-411A-9FBA-09863702220A}.Release|Any CPU.ActiveCfg = Release|Win32
		{6E3F42FA-21B5-411A-9FBA-09863702220A}.Release|x64.ActiveCfg = Release|x64
		{6E3F42FA-21B5-411A-9FBA-09863702220A}.Release|x64.Build.0 = Release|x64
		{6E3F42FA-21B5-411A-9FBA-09863702220A}.Release|x86.ActiveCfg = Release|Win32
		{6E3F42FA-21B5-411A-9FBA-09863702220A}.Release|x86.Build.0 = Release|Win32
	EndGlobalSection
	GlobalSection(SolutionProperties) = preSolution
		HideSolutionNode = FALSE
	EndGlobalSection
	GlobalSection(ExtensibilityGlobals) = postSolution
		SolutionGuid = {B6B3C45F-539D-4802-8306-6B6542D3CA66}
	EndGlobalSection
EndGlobal
