
Microsoft Visual Studio Solution File, Format Version 12.00
# Visual Studio Version 17
VisualStudioVersion = 17.0.31423.177
MinimumVisualStudioVersion = 10.0.40219.1
Project("{9A19103F-16F7-4668-BE54-9A1E7A4F7556}") = "FrostbiteModdingUI", "FrostbiteModdingUI\FrostbiteModdingUI.csproj", "{6D0F7EF2-1514-4D67-A34E-2EF5E576B9AE}"
	ProjectSection(ProjectDependencies) = postProject
		{21C84AAA-5D2A-44B9-89E3-06CADDB9B7A5} = {21C84AAA-5D2A-44B9-89E3-06CADDB9B7A5}
		{2739CC07-99D8-41B5-A113-DB6E9A606ED1} = {2739CC07-99D8-41B5-A113-DB6E9A606ED1}
		{3D489D9A-0DEF-4E80-8EC8-15E265C29A36} = {3D489D9A-0DEF-4E80-8EC8-15E265C29A36}
		{7043C9F3-9446-42C3-80ED-EA137EC73EF0} = {7043C9F3-9446-42C3-80ED-EA137EC73EF0}
		{79CA8A15-E88C-47C8-8AF7-A6103AED1298} = {79CA8A15-E88C-47C8-8AF7-A6103AED1298}
		{7ABCFA92-9540-4E45-A16B-D58AED37B75D} = {7ABCFA92-9540-4E45-A16B-D58AED37B75D}
		{7EB48EFE-82CD-485B-9914-458EE099F6C0} = {7EB48EFE-82CD-485B-9914-458EE099F6C0}
		{EB9FFFC4-8166-485F-994B-5786F5554CDD} = {EB9FFFC4-8166-485F-994B-5786F5554CDD}
		{FC88606E-9A44-46F8-B354-315725B83615} = {FC88606E-9A44-46F8-B354-315725B83615}
	EndProjectSection
EndProject
Project("{9A19103F-16F7-4668-BE54-9A1E7A4F7556}") = "SDKGenerator", "Libraries\SDKGenerator\SDKGenerator.csproj", "{1DBC8811-E837-4701-8FAE-6A8B03F5C876}"
EndProject
Project("{9A19103F-16F7-4668-BE54-9A1E7A4F7556}") = "FrostySdk", "Libraries\FrostySdk\FrostySdk.csproj", "{3D489D9A-0DEF-4E80-8EC8-15E265C29A36}"
EndProject
Project("{9A19103F-16F7-4668-BE54-9A1E7A4F7556}") = "Madden21Plugin", "Plugins\Madden21Plugin\Madden21Plugin.csproj", "{35B6FBD2-3A7A-4436-9CF9-D5CC36F637E1}"
EndProject
Project("{2150E333-8FDC-42A3-9474-1A3956D46DE8}") = "Plugins", "Plugins", "{6F8892DD-C54B-49EE-AAF0-E9ADB3C842F0}"
EndProject
Project("{2150E333-8FDC-42A3-9474-1A3956D46DE8}") = "Tests", "Tests", "{5C006156-EB33-4196-9B78-1B86D71D7C43}"
EndProject
Project("{2150E333-8FDC-42A3-9474-1A3956D46DE8}") = "UI", "UI", "{C8853DAC-9FC8-4B13-A793-7F70C99D0A3C}"
EndProject
Project("{9A19103F-16F7-4668-BE54-9A1E7A4F7556}") = "FIFA21Plugin", "Plugins\FIFA21Plugin\FIFA21Plugin.csproj", "{7EB48EFE-82CD-485B-9914-458EE099F6C0}"
EndProject
Project("{2150E333-8FDC-42A3-9474-1A3956D46DE8}") = "Libraries", "Libraries", "{52ADB5EA-5FE5-46E2-B81B-4DA1E6DF8235}"
EndProject
Project("{9A19103F-16F7-4668-BE54-9A1E7A4F7556}") = "FrostbiteModdingTests", "Tests\FrostbiteModdingTests\FrostbiteModdingTests.csproj", "{96BD215A-E54C-4DAE-B7CF-CD42BF4110C0}"
	ProjectSection(ProjectDependencies) = postProject
		{21C84AAA-5D2A-44B9-89E3-06CADDB9B7A5} = {21C84AAA-5D2A-44B9-89E3-06CADDB9B7A5}
		{2739CC07-99D8-41B5-A113-DB6E9A606ED1} = {2739CC07-99D8-41B5-A113-DB6E9A606ED1}
		{7043C9F3-9446-42C3-80ED-EA137EC73EF0} = {7043C9F3-9446-42C3-80ED-EA137EC73EF0}
		{79CA8A15-E88C-47C8-8AF7-A6103AED1298} = {79CA8A15-E88C-47C8-8AF7-A6103AED1298}
		{7EB48EFE-82CD-485B-9914-458EE099F6C0} = {7EB48EFE-82CD-485B-9914-458EE099F6C0}
		{EB9FFFC4-8166-485F-994B-5786F5554CDD} = {EB9FFFC4-8166-485F-994B-5786F5554CDD}
	EndProjectSection
EndProject
Project("{9A19103F-16F7-4668-BE54-9A1E7A4F7556}") = "FIFA20Plugin", "Plugins\FIFA20Plugin\FIFA20Plugin.csproj", "{21C84AAA-5D2A-44B9-89E3-06CADDB9B7A5}"
EndProject
Project("{9A19103F-16F7-4668-BE54-9A1E7A4F7556}") = "FIFA22Plugin", "Plugins\FIFA22Plugin\FIFA22Plugin.csproj", "{79CA8A15-E88C-47C8-8AF7-A6103AED1298}"
EndProject
Project("{9A19103F-16F7-4668-BE54-9A1E7A4F7556}") = "Madden22Plugin", "Plugins\Madden22Plugin\Madden22Plugin.csproj", "{7043C9F3-9446-42C3-80ED-EA137EC73EF0}"
EndProject
Project("{9A19103F-16F7-4668-BE54-9A1E7A4F7556}") = "FIFA19Plugin", "Plugins\FIFA19Plugin\FIFA19Plugin.csproj", "{EB9FFFC4-8166-485F-994B-5786F5554CDD}"
EndProject
Project("{9A19103F-16F7-4668-BE54-9A1E7A4F7556}") = "FMT.Controls", "Libraries\FMT.Controls\FMT.Controls.csproj", "{134F61C6-AB43-4DA3-8ADE-9BE7D51CD79A}"
EndProject
Project("{9A19103F-16F7-4668-BE54-9A1E7A4F7556}") = "CSIL", "Libraries\CSIL\CSIL.csproj", "{F84623CA-1E3B-48FF-B3BF-80F70EE7C7EE}"
EndProject
Project("{9A19103F-16F7-4668-BE54-9A1E7A4F7556}") = "FIFA23Plugin", "Plugins\FIFA23Plugin\FIFA23Plugin.csproj", "{2739CC07-99D8-41B5-A113-DB6E9A606ED1}"
EndProject
Project("{2150E333-8FDC-42A3-9474-1A3956D46DE8}") = "Solution Items", "Solution Items", "{C0003E0B-950F-483B-98AC-70A59CC3AF5A}"
	ProjectSection(SolutionItems) = preProject
		README.md = README.md
	EndProjectSection
EndProject
Project("{9A19103F-16F7-4668-BE54-9A1E7A4F7556}") = "FifaLibrary", "Libraries\FifaLibrary\FifaLibrary.csproj", "{1DC3F41F-1FC1-4772-858F-0412E950DD29}"
EndProject
Project("{9A19103F-16F7-4668-BE54-9A1E7A4F7556}") = "FIFACareerDBTests", "Tests\FIFACareerDBTests\FIFACareerDBTests.csproj", "{8042F6F5-9649-4CA4-B3B6-342FDB30AB8E}"
EndProject
Project("{9A19103F-16F7-4668-BE54-9A1E7A4F7556}") = "FMT.FifaLibrary2", "Libraries\FMT.FifaLibrary2\FMT.FifaLibrary2.csproj", "{27B35F21-17DC-4D40-AE05-4DB1732C88F5}"
EndProject
Project("{9A19103F-16F7-4668-BE54-9A1E7A4F7556}") = "FMT.FileTools", "Libraries\FMT.FileTools\FMT.FileTools.csproj", "{7ABCFA92-9540-4E45-A16B-D58AED37B75D}"
EndProject
Project("{9A19103F-16F7-4668-BE54-9A1E7A4F7556}") = "Madden23Plugin", "Plugins\Madden23Plugin\Madden23Plugin.csproj", "{FC88606E-9A44-46F8-B354-315725B83615}"
EndProject
Global
	GlobalSection(SolutionConfigurationPlatforms) = preSolution
		Debug|Any CPU = Debug|Any CPU
		Debug|x64 = Debug|x64
		Debug|x86 = Debug|x86
		Release|Any CPU = Release|Any CPU
		Release|x64 = Release|x64
		Release|x86 = Release|x86
	EndGlobalSection
	GlobalSection(ProjectConfigurationPlatforms) = postSolution
		{6D0F7EF2-1514-4D67-A34E-2EF5E576B9AE}.Debug|Any CPU.ActiveCfg = Debug|Any CPU
		{6D0F7EF2-1514-4D67-A34E-2EF5E576B9AE}.Debug|Any CPU.Build.0 = Debug|Any CPU
		{6D0F7EF2-1514-4D67-A34E-2EF5E576B9AE}.Debug|x64.ActiveCfg = Debug|Any CPU
		{6D0F7EF2-1514-4D67-A34E-2EF5E576B9AE}.Debug|x64.Build.0 = Debug|Any CPU
		{6D0F7EF2-1514-4D67-A34E-2EF5E576B9AE}.Debug|x86.ActiveCfg = Debug|Any CPU
		{6D0F7EF2-1514-4D67-A34E-2EF5E576B9AE}.Debug|x86.Build.0 = Debug|Any CPU
		{6D0F7EF2-1514-4D67-A34E-2EF5E576B9AE}.Release|Any CPU.ActiveCfg = Release|Any CPU
		{6D0F7EF2-1514-4D67-A34E-2EF5E576B9AE}.Release|Any CPU.Build.0 = Release|Any CPU
		{6D0F7EF2-1514-4D67-A34E-2EF5E576B9AE}.Release|x64.ActiveCfg = Release|Any CPU
		{6D0F7EF2-1514-4D67-A34E-2EF5E576B9AE}.Release|x64.Build.0 = Release|Any CPU
		{6D0F7EF2-1514-4D67-A34E-2EF5E576B9AE}.Release|x86.ActiveCfg = Release|Any CPU
		{6D0F7EF2-1514-4D67-A34E-2EF5E576B9AE}.Release|x86.Build.0 = Release|Any CPU
		{1DBC8811-E837-4701-8FAE-6A8B03F5C876}.Debug|Any CPU.ActiveCfg = Debug|Any CPU
		{1DBC8811-E837-4701-8FAE-6A8B03F5C876}.Debug|Any CPU.Build.0 = Debug|Any CPU
		{1DBC8811-E837-4701-8FAE-6A8B03F5C876}.Debug|x64.ActiveCfg = Debug|Any CPU
		{1DBC8811-E837-4701-8FAE-6A8B03F5C876}.Debug|x64.Build.0 = Debug|Any CPU
		{1DBC8811-E837-4701-8FAE-6A8B03F5C876}.Debug|x86.ActiveCfg = Debug|Any CPU
		{1DBC8811-E837-4701-8FAE-6A8B03F5C876}.Debug|x86.Build.0 = Debug|Any CPU
		{1DBC8811-E837-4701-8FAE-6A8B03F5C876}.Release|Any CPU.ActiveCfg = Release|Any CPU
		{1DBC8811-E837-4701-8FAE-6A8B03F5C876}.Release|Any CPU.Build.0 = Release|Any CPU
		{1DBC8811-E837-4701-8FAE-6A8B03F5C876}.Release|x64.ActiveCfg = Release|Any CPU
		{1DBC8811-E837-4701-8FAE-6A8B03F5C876}.Release|x64.Build.0 = Release|Any CPU
		{1DBC8811-E837-4701-8FAE-6A8B03F5C876}.Release|x86.ActiveCfg = Release|Any CPU
		{1DBC8811-E837-4701-8FAE-6A8B03F5C876}.Release|x86.Build.0 = Release|Any CPU
		{3D489D9A-0DEF-4E80-8EC8-15E265C29A36}.Debug|Any CPU.ActiveCfg = Debug|Any CPU
		{3D489D9A-0DEF-4E80-8EC8-15E265C29A36}.Debug|Any CPU.Build.0 = Debug|Any CPU
		{3D489D9A-0DEF-4E80-8EC8-15E265C29A36}.Debug|x64.ActiveCfg = Debug|Any CPU
		{3D489D9A-0DEF-4E80-8EC8-15E265C29A36}.Debug|x64.Build.0 = Debug|Any CPU
		{3D489D9A-0DEF-4E80-8EC8-15E265C29A36}.Debug|x86.ActiveCfg = Debug|Any CPU
		{3D489D9A-0DEF-4E80-8EC8-15E265C29A36}.Debug|x86.Build.0 = Debug|Any CPU
		{3D489D9A-0DEF-4E80-8EC8-15E265C29A36}.Release|Any CPU.ActiveCfg = Release|Any CPU
		{3D489D9A-0DEF-4E80-8EC8-15E265C29A36}.Release|Any CPU.Build.0 = Release|Any CPU
		{3D489D9A-0DEF-4E80-8EC8-15E265C29A36}.Release|x64.ActiveCfg = Release|Any CPU
		{3D489D9A-0DEF-4E80-8EC8-15E265C29A36}.Release|x64.Build.0 = Release|Any CPU
		{3D489D9A-0DEF-4E80-8EC8-15E265C29A36}.Release|x86.ActiveCfg = Release|x64
		{35B6FBD2-3A7A-4436-9CF9-D5CC36F637E1}.Debug|Any CPU.ActiveCfg = Debug|Any CPU
		{35B6FBD2-3A7A-4436-9CF9-D5CC36F637E1}.Debug|Any CPU.Build.0 = Debug|Any CPU
		{35B6FBD2-3A7A-4436-9CF9-D5CC36F637E1}.Debug|x64.ActiveCfg = Debug|Any CPU
		{35B6FBD2-3A7A-4436-9CF9-D5CC36F637E1}.Debug|x64.Build.0 = Debug|Any CPU
		{35B6FBD2-3A7A-4436-9CF9-D5CC36F637E1}.Debug|x86.ActiveCfg = Debug|Any CPU
		{35B6FBD2-3A7A-4436-9CF9-D5CC36F637E1}.Debug|x86.Build.0 = Debug|Any CPU
		{35B6FBD2-3A7A-4436-9CF9-D5CC36F637E1}.Release|Any CPU.ActiveCfg = Release|Any CPU
		{35B6FBD2-3A7A-4436-9CF9-D5CC36F637E1}.Release|Any CPU.Build.0 = Release|Any CPU
		{35B6FBD2-3A7A-4436-9CF9-D5CC36F637E1}.Release|x64.ActiveCfg = Release|Any CPU
		{35B6FBD2-3A7A-4436-9CF9-D5CC36F637E1}.Release|x64.Build.0 = Release|Any CPU
		{35B6FBD2-3A7A-4436-9CF9-D5CC36F637E1}.Release|x86.ActiveCfg = Release|Any CPU
		{35B6FBD2-3A7A-4436-9CF9-D5CC36F637E1}.Release|x86.Build.0 = Release|Any CPU
		{7EB48EFE-82CD-485B-9914-458EE099F6C0}.Debug|Any CPU.ActiveCfg = Debug|Any CPU
		{7EB48EFE-82CD-485B-9914-458EE099F6C0}.Debug|Any CPU.Build.0 = Debug|Any CPU
		{7EB48EFE-82CD-485B-9914-458EE099F6C0}.Debug|x64.ActiveCfg = Debug|Any CPU
		{7EB48EFE-82CD-485B-9914-458EE099F6C0}.Debug|x64.Build.0 = Debug|Any CPU
		{7EB48EFE-82CD-485B-9914-458EE099F6C0}.Debug|x86.ActiveCfg = Debug|Any CPU
		{7EB48EFE-82CD-485B-9914-458EE099F6C0}.Debug|x86.Build.0 = Debug|Any CPU
		{7EB48EFE-82CD-485B-9914-458EE099F6C0}.Release|Any CPU.ActiveCfg = Release|Any CPU
		{7EB48EFE-82CD-485B-9914-458EE099F6C0}.Release|Any CPU.Build.0 = Release|Any CPU
		{7EB48EFE-82CD-485B-9914-458EE099F6C0}.Release|x64.ActiveCfg = Release|Any CPU
		{7EB48EFE-82CD-485B-9914-458EE099F6C0}.Release|x64.Build.0 = Release|Any CPU
		{7EB48EFE-82CD-485B-9914-458EE099F6C0}.Release|x86.ActiveCfg = Release|Any CPU
		{7EB48EFE-82CD-485B-9914-458EE099F6C0}.Release|x86.Build.0 = Release|Any CPU
		{96BD215A-E54C-4DAE-B7CF-CD42BF4110C0}.Debug|Any CPU.ActiveCfg = Debug|Any CPU
		{96BD215A-E54C-4DAE-B7CF-CD42BF4110C0}.Debug|Any CPU.Build.0 = Debug|Any CPU
		{96BD215A-E54C-4DAE-B7CF-CD42BF4110C0}.Debug|x64.ActiveCfg = Debug|Any CPU
		{96BD215A-E54C-4DAE-B7CF-CD42BF4110C0}.Debug|x64.Build.0 = Debug|Any CPU
		{96BD215A-E54C-4DAE-B7CF-CD42BF4110C0}.Debug|x86.ActiveCfg = Debug|Any CPU
		{96BD215A-E54C-4DAE-B7CF-CD42BF4110C0}.Debug|x86.Build.0 = Debug|Any CPU
		{96BD215A-E54C-4DAE-B7CF-CD42BF4110C0}.Release|Any CPU.ActiveCfg = Release|Any CPU
		{96BD215A-E54C-4DAE-B7CF-CD42BF4110C0}.Release|Any CPU.Build.0 = Release|Any CPU
		{96BD215A-E54C-4DAE-B7CF-CD42BF4110C0}.Release|x64.ActiveCfg = Release|Any CPU
		{96BD215A-E54C-4DAE-B7CF-CD42BF4110C0}.Release|x64.Build.0 = Release|Any CPU
		{96BD215A-E54C-4DAE-B7CF-CD42BF4110C0}.Release|x86.ActiveCfg = Release|Any CPU
		{96BD215A-E54C-4DAE-B7CF-CD42BF4110C0}.Release|x86.Build.0 = Release|Any CPU
		{21C84AAA-5D2A-44B9-89E3-06CADDB9B7A5}.Debug|Any CPU.ActiveCfg = Debug|Any CPU
		{21C84AAA-5D2A-44B9-89E3-06CADDB9B7A5}.Debug|Any CPU.Build.0 = Debug|Any CPU
		{21C84AAA-5D2A-44B9-89E3-06CADDB9B7A5}.Debug|x64.ActiveCfg = Debug|Any CPU
		{21C84AAA-5D2A-44B9-89E3-06CADDB9B7A5}.Debug|x64.Build.0 = Debug|Any CPU
		{21C84AAA-5D2A-44B9-89E3-06CADDB9B7A5}.Debug|x86.ActiveCfg = Debug|Any CPU
		{21C84AAA-5D2A-44B9-89E3-06CADDB9B7A5}.Debug|x86.Build.0 = Debug|Any CPU
		{21C84AAA-5D2A-44B9-89E3-06CADDB9B7A5}.Release|Any CPU.ActiveCfg = Release|Any CPU
		{21C84AAA-5D2A-44B9-89E3-06CADDB9B7A5}.Release|Any CPU.Build.0 = Release|Any CPU
		{21C84AAA-5D2A-44B9-89E3-06CADDB9B7A5}.Release|x64.ActiveCfg = Release|Any CPU
		{21C84AAA-5D2A-44B9-89E3-06CADDB9B7A5}.Release|x64.Build.0 = Release|Any CPU
		{21C84AAA-5D2A-44B9-89E3-06CADDB9B7A5}.Release|x86.ActiveCfg = Release|Any CPU
		{21C84AAA-5D2A-44B9-89E3-06CADDB9B7A5}.Release|x86.Build.0 = Release|Any CPU
		{79CA8A15-E88C-47C8-8AF7-A6103AED1298}.Debug|Any CPU.ActiveCfg = Debug|Any CPU
		{79CA8A15-E88C-47C8-8AF7-A6103AED1298}.Debug|Any CPU.Build.0 = Debug|Any CPU
		{79CA8A15-E88C-47C8-8AF7-A6103AED1298}.Debug|x64.ActiveCfg = Debug|Any CPU
		{79CA8A15-E88C-47C8-8AF7-A6103AED1298}.Debug|x64.Build.0 = Debug|Any CPU
		{79CA8A15-E88C-47C8-8AF7-A6103AED1298}.Debug|x86.ActiveCfg = Debug|Any CPU
		{79CA8A15-E88C-47C8-8AF7-A6103AED1298}.Debug|x86.Build.0 = Debug|Any CPU
		{79CA8A15-E88C-47C8-8AF7-A6103AED1298}.Release|Any CPU.ActiveCfg = Release|Any CPU
		{79CA8A15-E88C-47C8-8AF7-A6103AED1298}.Release|Any CPU.Build.0 = Release|Any CPU
		{79CA8A15-E88C-47C8-8AF7-A6103AED1298}.Release|x64.ActiveCfg = Release|Any CPU
		{79CA8A15-E88C-47C8-8AF7-A6103AED1298}.Release|x64.Build.0 = Release|Any CPU
		{79CA8A15-E88C-47C8-8AF7-A6103AED1298}.Release|x86.ActiveCfg = Release|Any CPU
		{79CA8A15-E88C-47C8-8AF7-A6103AED1298}.Release|x86.Build.0 = Release|Any CPU
		{7043C9F3-9446-42C3-80ED-EA137EC73EF0}.Debug|Any CPU.ActiveCfg = Debug|Any CPU
		{7043C9F3-9446-42C3-80ED-EA137EC73EF0}.Debug|Any CPU.Build.0 = Debug|Any CPU
		{7043C9F3-9446-42C3-80ED-EA137EC73EF0}.Debug|x64.ActiveCfg = Debug|Any CPU
		{7043C9F3-9446-42C3-80ED-EA137EC73EF0}.Debug|x64.Build.0 = Debug|Any CPU
		{7043C9F3-9446-42C3-80ED-EA137EC73EF0}.Debug|x86.ActiveCfg = Debug|Any CPU
		{7043C9F3-9446-42C3-80ED-EA137EC73EF0}.Debug|x86.Build.0 = Debug|Any CPU
		{7043C9F3-9446-42C3-80ED-EA137EC73EF0}.Release|Any CPU.ActiveCfg = Release|Any CPU
		{7043C9F3-9446-42C3-80ED-EA137EC73EF0}.Release|Any CPU.Build.0 = Release|Any CPU
		{7043C9F3-9446-42C3-80ED-EA137EC73EF0}.Release|x64.ActiveCfg = Release|Any CPU
		{7043C9F3-9446-42C3-80ED-EA137EC73EF0}.Release|x64.Build.0 = Release|Any CPU
		{7043C9F3-9446-42C3-80ED-EA137EC73EF0}.Release|x86.ActiveCfg = Release|Any CPU
		{7043C9F3-9446-42C3-80ED-EA137EC73EF0}.Release|x86.Build.0 = Release|Any CPU
		{EB9FFFC4-8166-485F-994B-5786F5554CDD}.Debug|Any CPU.ActiveCfg = Debug|Any CPU
		{EB9FFFC4-8166-485F-994B-5786F5554CDD}.Debug|Any CPU.Build.0 = Debug|Any CPU
		{EB9FFFC4-8166-485F-994B-5786F5554CDD}.Debug|x64.ActiveCfg = Debug|Any CPU
		{EB9FFFC4-8166-485F-994B-5786F5554CDD}.Debug|x64.Build.0 = Debug|Any CPU
		{EB9FFFC4-8166-485F-994B-5786F5554CDD}.Debug|x86.ActiveCfg = Debug|Any CPU
		{EB9FFFC4-8166-485F-994B-5786F5554CDD}.Debug|x86.Build.0 = Debug|Any CPU
		{EB9FFFC4-8166-485F-994B-5786F5554CDD}.Release|Any CPU.ActiveCfg = Release|Any CPU
		{EB9FFFC4-8166-485F-994B-5786F5554CDD}.Release|Any CPU.Build.0 = Release|Any CPU
		{EB9FFFC4-8166-485F-994B-5786F5554CDD}.Release|x64.ActiveCfg = Release|Any CPU
		{EB9FFFC4-8166-485F-994B-5786F5554CDD}.Release|x64.Build.0 = Release|Any CPU
		{EB9FFFC4-8166-485F-994B-5786F5554CDD}.Release|x86.ActiveCfg = Release|Any CPU
		{EB9FFFC4-8166-485F-994B-5786F5554CDD}.Release|x86.Build.0 = Release|Any CPU
		{134F61C6-AB43-4DA3-8ADE-9BE7D51CD79A}.Debug|Any CPU.ActiveCfg = Debug|Any CPU
		{134F61C6-AB43-4DA3-8ADE-9BE7D51CD79A}.Debug|Any CPU.Build.0 = Debug|Any CPU
		{134F61C6-AB43-4DA3-8ADE-9BE7D51CD79A}.Debug|x64.ActiveCfg = Debug|Any CPU
		{134F61C6-AB43-4DA3-8ADE-9BE7D51CD79A}.Debug|x64.Build.0 = Debug|Any CPU
		{134F61C6-AB43-4DA3-8ADE-9BE7D51CD79A}.Debug|x86.ActiveCfg = Debug|Any CPU
		{134F61C6-AB43-4DA3-8ADE-9BE7D51CD79A}.Debug|x86.Build.0 = Debug|Any CPU
		{134F61C6-AB43-4DA3-8ADE-9BE7D51CD79A}.Release|Any CPU.ActiveCfg = Release|Any CPU
		{134F61C6-AB43-4DA3-8ADE-9BE7D51CD79A}.Release|Any CPU.Build.0 = Release|Any CPU
		{134F61C6-AB43-4DA3-8ADE-9BE7D51CD79A}.Release|x64.ActiveCfg = Release|Any CPU
		{134F61C6-AB43-4DA3-8ADE-9BE7D51CD79A}.Release|x64.Build.0 = Release|Any CPU
		{134F61C6-AB43-4DA3-8ADE-9BE7D51CD79A}.Release|x86.ActiveCfg = Release|Any CPU
		{134F61C6-AB43-4DA3-8ADE-9BE7D51CD79A}.Release|x86.Build.0 = Release|Any CPU
		{F84623CA-1E3B-48FF-B3BF-80F70EE7C7EE}.Debug|Any CPU.ActiveCfg = Debug|Any CPU
		{F84623CA-1E3B-48FF-B3BF-80F70EE7C7EE}.Debug|Any CPU.Build.0 = Debug|Any CPU
		{F84623CA-1E3B-48FF-B3BF-80F70EE7C7EE}.Debug|x64.ActiveCfg = Debug|Any CPU
		{F84623CA-1E3B-48FF-B3BF-80F70EE7C7EE}.Debug|x64.Build.0 = Debug|Any CPU
		{F84623CA-1E3B-48FF-B3BF-80F70EE7C7EE}.Debug|x86.ActiveCfg = Debug|Any CPU
		{F84623CA-1E3B-48FF-B3BF-80F70EE7C7EE}.Debug|x86.Build.0 = Debug|Any CPU
		{F84623CA-1E3B-48FF-B3BF-80F70EE7C7EE}.Release|Any CPU.ActiveCfg = Release|Any CPU
		{F84623CA-1E3B-48FF-B3BF-80F70EE7C7EE}.Release|Any CPU.Build.0 = Release|Any CPU
		{F84623CA-1E3B-48FF-B3BF-80F70EE7C7EE}.Release|x64.ActiveCfg = Release|Any CPU
		{F84623CA-1E3B-48FF-B3BF-80F70EE7C7EE}.Release|x64.Build.0 = Release|Any CPU
		{F84623CA-1E3B-48FF-B3BF-80F70EE7C7EE}.Release|x86.ActiveCfg = Release|Any CPU
		{F84623CA-1E3B-48FF-B3BF-80F70EE7C7EE}.Release|x86.Build.0 = Release|Any CPU
		{2739CC07-99D8-41B5-A113-DB6E9A606ED1}.Debug|Any CPU.ActiveCfg = Debug|Any CPU
		{2739CC07-99D8-41B5-A113-DB6E9A606ED1}.Debug|Any CPU.Build.0 = Debug|Any CPU
		{2739CC07-99D8-41B5-A113-DB6E9A606ED1}.Debug|x64.ActiveCfg = Debug|Any CPU
		{2739CC07-99D8-41B5-A113-DB6E9A606ED1}.Debug|x64.Build.0 = Debug|Any CPU
		{2739CC07-99D8-41B5-A113-DB6E9A606ED1}.Debug|x86.ActiveCfg = Debug|Any CPU
		{2739CC07-99D8-41B5-A113-DB6E9A606ED1}.Debug|x86.Build.0 = Debug|Any CPU
		{2739CC07-99D8-41B5-A113-DB6E9A606ED1}.Release|Any CPU.ActiveCfg = Release|Any CPU
		{2739CC07-99D8-41B5-A113-DB6E9A606ED1}.Release|Any CPU.Build.0 = Release|Any CPU
		{2739CC07-99D8-41B5-A113-DB6E9A606ED1}.Release|x64.ActiveCfg = Release|Any CPU
		{2739CC07-99D8-41B5-A113-DB6E9A606ED1}.Release|x64.Build.0 = Release|Any CPU
		{2739CC07-99D8-41B5-A113-DB6E9A606ED1}.Release|x86.ActiveCfg = Release|Any CPU
		{2739CC07-99D8-41B5-A113-DB6E9A606ED1}.Release|x86.Build.0 = Release|Any CPU
		{1DC3F41F-1FC1-4772-858F-0412E950DD29}.Debug|Any CPU.ActiveCfg = Debug|Any CPU
		{1DC3F41F-1FC1-4772-858F-0412E950DD29}.Debug|Any CPU.Build.0 = Debug|Any CPU
		{1DC3F41F-1FC1-4772-858F-0412E950DD29}.Debug|x64.ActiveCfg = Debug|Any CPU
		{1DC3F41F-1FC1-4772-858F-0412E950DD29}.Debug|x64.Build.0 = Debug|Any CPU
		{1DC3F41F-1FC1-4772-858F-0412E950DD29}.Debug|x86.ActiveCfg = Debug|Any CPU
		{1DC3F41F-1FC1-4772-858F-0412E950DD29}.Debug|x86.Build.0 = Debug|Any CPU
		{1DC3F41F-1FC1-4772-858F-0412E950DD29}.Release|Any CPU.ActiveCfg = Release|Any CPU
		{1DC3F41F-1FC1-4772-858F-0412E950DD29}.Release|Any CPU.Build.0 = Release|Any CPU
		{1DC3F41F-1FC1-4772-858F-0412E950DD29}.Release|x64.ActiveCfg = Release|Any CPU
		{1DC3F41F-1FC1-4772-858F-0412E950DD29}.Release|x64.Build.0 = Release|Any CPU
		{1DC3F41F-1FC1-4772-858F-0412E950DD29}.Release|x86.ActiveCfg = Release|Any CPU
		{1DC3F41F-1FC1-4772-858F-0412E950DD29}.Release|x86.Build.0 = Release|Any CPU
		{8042F6F5-9649-4CA4-B3B6-342FDB30AB8E}.Debug|Any CPU.ActiveCfg = Debug|Any CPU
		{8042F6F5-9649-4CA4-B3B6-342FDB30AB8E}.Debug|Any CPU.Build.0 = Debug|Any CPU
		{8042F6F5-9649-4CA4-B3B6-342FDB30AB8E}.Debug|x64.ActiveCfg = Debug|Any CPU
		{8042F6F5-9649-4CA4-B3B6-342FDB30AB8E}.Debug|x64.Build.0 = Debug|Any CPU
		{8042F6F5-9649-4CA4-B3B6-342FDB30AB8E}.Debug|x86.ActiveCfg = Debug|Any CPU
		{8042F6F5-9649-4CA4-B3B6-342FDB30AB8E}.Debug|x86.Build.0 = Debug|Any CPU
		{8042F6F5-9649-4CA4-B3B6-342FDB30AB8E}.Release|Any CPU.ActiveCfg = Release|Any CPU
		{8042F6F5-9649-4CA4-B3B6-342FDB30AB8E}.Release|Any CPU.Build.0 = Release|Any CPU
		{8042F6F5-9649-4CA4-B3B6-342FDB30AB8E}.Release|x64.ActiveCfg = Release|Any CPU
		{8042F6F5-9649-4CA4-B3B6-342FDB30AB8E}.Release|x64.Build.0 = Release|Any CPU
		{8042F6F5-9649-4CA4-B3B6-342FDB30AB8E}.Release|x86.ActiveCfg = Release|Any CPU
		{8042F6F5-9649-4CA4-B3B6-342FDB30AB8E}.Release|x86.Build.0 = Release|Any CPU
		{27B35F21-17DC-4D40-AE05-4DB1732C88F5}.Debug|Any CPU.ActiveCfg = Debug|Any CPU
		{27B35F21-17DC-4D40-AE05-4DB1732C88F5}.Debug|Any CPU.Build.0 = Debug|Any CPU
		{27B35F21-17DC-4D40-AE05-4DB1732C88F5}.Debug|x64.ActiveCfg = Debug|Any CPU
		{27B35F21-17DC-4D40-AE05-4DB1732C88F5}.Debug|x64.Build.0 = Debug|Any CPU
		{27B35F21-17DC-4D40-AE05-4DB1732C88F5}.Debug|x86.ActiveCfg = Debug|Any CPU
		{27B35F21-17DC-4D40-AE05-4DB1732C88F5}.Debug|x86.Build.0 = Debug|Any CPU
		{27B35F21-17DC-4D40-AE05-4DB1732C88F5}.Release|Any CPU.ActiveCfg = Release|Any CPU
		{27B35F21-17DC-4D40-AE05-4DB1732C88F5}.Release|Any CPU.Build.0 = Release|Any CPU
		{27B35F21-17DC-4D40-AE05-4DB1732C88F5}.Release|x64.ActiveCfg = Release|Any CPU
		{27B35F21-17DC-4D40-AE05-4DB1732C88F5}.Release|x64.Build.0 = Release|Any CPU
		{27B35F21-17DC-4D40-AE05-4DB1732C88F5}.Release|x86.ActiveCfg = Release|Any CPU
		{27B35F21-17DC-4D40-AE05-4DB1732C88F5}.Release|x86.Build.0 = Release|Any CPU
		{7ABCFA92-9540-4E45-A16B-D58AED37B75D}.Debug|Any CPU.ActiveCfg = Debug|Any CPU
		{7ABCFA92-9540-4E45-A16B-D58AED37B75D}.Debug|Any CPU.Build.0 = Debug|Any CPU
		{7ABCFA92-9540-4E45-A16B-D58AED37B75D}.Debug|x64.ActiveCfg = Debug|Any CPU
		{7ABCFA92-9540-4E45-A16B-D58AED37B75D}.Debug|x64.Build.0 = Debug|Any CPU
		{7ABCFA92-9540-4E45-A16B-D58AED37B75D}.Debug|x86.ActiveCfg = Debug|Any CPU
		{7ABCFA92-9540-4E45-A16B-D58AED37B75D}.Debug|x86.Build.0 = Debug|Any CPU
		{7ABCFA92-9540-4E45-A16B-D58AED37B75D}.Release|Any CPU.ActiveCfg = Release|Any CPU
		{7ABCFA92-9540-4E45-A16B-D58AED37B75D}.Release|Any CPU.Build.0 = Release|Any CPU
		{7ABCFA92-9540-4E45-A16B-D58AED37B75D}.Release|x64.ActiveCfg = Release|Any CPU
		{7ABCFA92-9540-4E45-A16B-D58AED37B75D}.Release|x64.Build.0 = Release|Any CPU
		{7ABCFA92-9540-4E45-A16B-D58AED37B75D}.Release|x86.ActiveCfg = Release|Any CPU
		{7ABCFA92-9540-4E45-A16B-D58AED37B75D}.Release|x86.Build.0 = Release|Any CPU
		{FC88606E-9A44-46F8-B354-315725B83615}.Debug|Any CPU.ActiveCfg = Debug|Any CPU
		{FC88606E-9A44-46F8-B354-315725B83615}.Debug|Any CPU.Build.0 = Debug|Any CPU
		{FC88606E-9A44-46F8-B354-315725B83615}.Debug|x64.ActiveCfg = Debug|Any CPU
		{FC88606E-9A44-46F8-B354-315725B83615}.Debug|x64.Build.0 = Debug|Any CPU
		{FC88606E-9A44-46F8-B354-315725B83615}.Debug|x86.ActiveCfg = Debug|Any CPU
		{FC88606E-9A44-46F8-B354-315725B83615}.Debug|x86.Build.0 = Debug|Any CPU
		{FC88606E-9A44-46F8-B354-315725B83615}.Release|Any CPU.ActiveCfg = Release|Any CPU
		{FC88606E-9A44-46F8-B354-315725B83615}.Release|Any CPU.Build.0 = Release|Any CPU
		{FC88606E-9A44-46F8-B354-315725B83615}.Release|x64.ActiveCfg = Release|Any CPU
		{FC88606E-9A44-46F8-B354-315725B83615}.Release|x64.Build.0 = Release|Any CPU
		{FC88606E-9A44-46F8-B354-315725B83615}.Release|x86.ActiveCfg = Release|Any CPU
		{FC88606E-9A44-46F8-B354-315725B83615}.Release|x86.Build.0 = Release|Any CPU
	EndGlobalSection
	GlobalSection(SolutionProperties) = preSolution
		HideSolutionNode = FALSE
	EndGlobalSection
	GlobalSection(NestedProjects) = preSolution
		{6D0F7EF2-1514-4D67-A34E-2EF5E576B9AE} = {C8853DAC-9FC8-4B13-A793-7F70C99D0A3C}
		{1DBC8811-E837-4701-8FAE-6A8B03F5C876} = {52ADB5EA-5FE5-46E2-B81B-4DA1E6DF8235}
		{3D489D9A-0DEF-4E80-8EC8-15E265C29A36} = {52ADB5EA-5FE5-46E2-B81B-4DA1E6DF8235}
		{35B6FBD2-3A7A-4436-9CF9-D5CC36F637E1} = {6F8892DD-C54B-49EE-AAF0-E9ADB3C842F0}
		{7EB48EFE-82CD-485B-9914-458EE099F6C0} = {6F8892DD-C54B-49EE-AAF0-E9ADB3C842F0}
		{96BD215A-E54C-4DAE-B7CF-CD42BF4110C0} = {5C006156-EB33-4196-9B78-1B86D71D7C43}
		{21C84AAA-5D2A-44B9-89E3-06CADDB9B7A5} = {6F8892DD-C54B-49EE-AAF0-E9ADB3C842F0}
		{79CA8A15-E88C-47C8-8AF7-A6103AED1298} = {6F8892DD-C54B-49EE-AAF0-E9ADB3C842F0}
		{7043C9F3-9446-42C3-80ED-EA137EC73EF0} = {6F8892DD-C54B-49EE-AAF0-E9ADB3C842F0}
		{EB9FFFC4-8166-485F-994B-5786F5554CDD} = {6F8892DD-C54B-49EE-AAF0-E9ADB3C842F0}
		{134F61C6-AB43-4DA3-8ADE-9BE7D51CD79A} = {52ADB5EA-5FE5-46E2-B81B-4DA1E6DF8235}
		{F84623CA-1E3B-48FF-B3BF-80F70EE7C7EE} = {52ADB5EA-5FE5-46E2-B81B-4DA1E6DF8235}
		{2739CC07-99D8-41B5-A113-DB6E9A606ED1} = {6F8892DD-C54B-49EE-AAF0-E9ADB3C842F0}
		{1DC3F41F-1FC1-4772-858F-0412E950DD29} = {52ADB5EA-5FE5-46E2-B81B-4DA1E6DF8235}
		{8042F6F5-9649-4CA4-B3B6-342FDB30AB8E} = {5C006156-EB33-4196-9B78-1B86D71D7C43}
		{27B35F21-17DC-4D40-AE05-4DB1732C88F5} = {52ADB5EA-5FE5-46E2-B81B-4DA1E6DF8235}
		{7ABCFA92-9540-4E45-A16B-D58AED37B75D} = {52ADB5EA-5FE5-46E2-B81B-4DA1E6DF8235}
		{FC88606E-9A44-46F8-B354-315725B83615} = {6F8892DD-C54B-49EE-AAF0-E9ADB3C842F0}
	EndGlobalSection
	GlobalSection(ExtensibilityGlobals) = postSolution
		SolutionGuid = {B6B3C45F-539D-4802-8306-6B6542D3CA66}
	EndGlobalSection
EndGlobal
