
Microsoft Visual Studio Solution File, Format Version 12.00
# Visual Studio Version 16
VisualStudioVersion = 16.0.29409.12
MinimumVisualStudioVersion = 10.0.40219.1
Project("{FAE04EC0-301F-11D3-BF4B-00C04F79EFBC}") = "FifaLibrary20", "FifaLibrary20.csproj", "{B7F03B66-D080-4AB8-A6C1-2DEDD0564939}"
EndProject
Global
	GlobalSection(SolutionConfigurationPlatforms) = preSolution
		Debug|Any CPU = Debug|Any CPU
		Release|Any CPU = Release|Any CPU
	EndGlobalSection
	GlobalSection(ProjectConfigurationPlatforms) = postSolution
		{B7F03B66-D080-4AB8-A6C1-2DEDD0564939}.Debug|Any CPU.ActiveCfg = Debug|Any CPU
		{B7F03B66-D080-4AB8-A6C1-2DEDD0564939}.Debug|Any CPU.Build.0 = Debug|Any CPU
		{B7F03B66-D080-4AB8-A6C1-2DEDD0564939}.Release|Any CPU.ActiveCfg = Release|Any CPU
		{B7F03B66-D080-4AB8-A6C1-2DEDD0564939}.Release|Any CPU.Build.0 = Release|Any CPU
	EndGlobalSection
	GlobalSection(SolutionProperties) = preSolution
		HideSolutionNode = FALSE
	EndGlobalSection
	GlobalSection(ExtensibilityGlobals) = postSolution
		SolutionGuid = {DD669269-AE6B-45E1-8C39-F01954FD6764}
	EndGlobalSection
EndGlobal
